
Microsoft Visual Studio Solution File, Format Version 12.00
# Visual Studio Version 17
VisualStudioVersion = 17.4.33403.182
MinimumVisualStudioVersion = 10.0.40219.1
Project("{FAE04EC0-301F-11D3-BF4B-00C04F79EFBC}") = "RazorChart", "RazorChart\RazorChart.csproj", "{F38DCC65-2C9A-4424-AA7F-475541A68DCC}"
EndProject
Project("{FAE04EC0-301F-11D3-BF4B-00C04F79EFBC}") = "PlayGround", "PlayGround\PlayGround.csproj", "{01CC4BEB-3BA4-4D17-BD60-3F7ED34312D2}"
EndProject
Global
	GlobalSection(SolutionConfigurationPlatforms) = preSolution
		Debug|Any CPU = Debug|Any CPU
		Release|Any CPU = Release|Any CPU
	EndGlobalSection
	GlobalSection(ProjectConfigurationPlatforms) = postSolution
		{F38DCC65-2C9A-4424-AA7F-475541A68DCC}.Debug|Any CPU.ActiveCfg = Debug|Any CPU
		{F38DCC65-2C9A-4424-AA7F-475541A68DCC}.Debug|Any CPU.Build.0 = Debug|Any CPU
		{F38DCC65-2C9A-4424-AA7F-475541A68DCC}.Release|Any CPU.ActiveCfg = Release|Any CPU
		{F38DCC65-2C9A-4424-AA7F-475541A68DCC}.Release|Any CPU.Build.0 = Release|Any CPU
		{01CC4BEB-3BA4-4D17-BD60-3F7ED34312D2}.Debug|Any CPU.ActiveCfg = Debug|Any CPU
		{01CC4BEB-3BA4-4D17-BD60-3F7ED34312D2}.Debug|Any CPU.Build.0 = Debug|Any CPU
		{01CC4BEB-3BA4-4D17-BD60-3F7ED34312D2}.Release|Any CPU.ActiveCfg = Release|Any CPU
		{01CC4BEB-3BA4-4D17-BD60-3F7ED34312D2}.Release|Any CPU.Build.0 = Release|Any CPU
	EndGlobalSection
	GlobalSection(SolutionProperties) = preSolution
		HideSolutionNode = FALSE
	EndGlobalSection
	GlobalSection(ExtensibilityGlobals) = postSolution
		SolutionGuid = {7C35CDBF-8377-44B3-B239-4AECA9E7F630}
	EndGlobalSection
EndGlobal
